
Microsoft Visual Studio Solution File, Format Version 12.00
# Visual Studio Version 17
VisualStudioVersion = 17.8.34511.84
MinimumVisualStudioVersion = 10.0.40219.1
Project("{9A19103F-16F7-4668-BE54-9A1E7A4F7556}") = "AspNetCoreIdentity.Web", "AspNetCoreIdentity.Web\AspNetCoreIdentity.Web.csproj", "{724E3C95-F231-40D4-A8B1-2A17E1EA3638}"
EndProject
Project("{FAE04EC0-301F-11D3-BF4B-00C04F79EFBC}") = "AspNetCoreIdentityApp.Core", "AspNetCoreIdentityApp.Core\AspNetCoreIdentityApp.Core.csproj", "{D8B035C3-B9D9-4A21-AC76-9CD825D23D01}"
EndProject
Project("{FAE04EC0-301F-11D3-BF4B-00C04F79EFBC}") = "AspNetCoreIdentityRepository", "AspNetCoreIdentityRepository\AspNetCoreIdentityRepository.csproj", "{23D2DB73-8648-47FA-AF85-13172D19FC3E}"
EndProject
Project("{FAE04EC0-301F-11D3-BF4B-00C04F79EFBC}") = "AspNetCoreIdentityService", "AspNetCoreIdentityService\AspNetCoreIdentityService.csproj", "{6E909EF4-DD1B-4695-A4E9-7B93519FC6AE}"
EndProject
Global
	GlobalSection(SolutionConfigurationPlatforms) = preSolution
		Debug|Any CPU = Debug|Any CPU
		Release|Any CPU = Release|Any CPU
	EndGlobalSection
	GlobalSection(ProjectConfigurationPlatforms) = postSolution
		{724E3C95-F231-40D4-A8B1-2A17E1EA3638}.Debug|Any CPU.ActiveCfg = Debug|Any CPU
		{724E3C95-F231-40D4-A8B1-2A17E1EA3638}.Debug|Any CPU.Build.0 = Debug|Any CPU
		{724E3C95-F231-40D4-A8B1-2A17E1EA3638}.Release|Any CPU.ActiveCfg = Release|Any CPU
		{724E3C95-F231-40D4-A8B1-2A17E1EA3638}.Release|Any CPU.Build.0 = Release|Any CPU
		{D8B035C3-B9D9-4A21-AC76-9CD825D23D01}.Debug|Any CPU.ActiveCfg = Debug|Any CPU
		{D8B035C3-B9D9-4A21-AC76-9CD825D23D01}.Debug|Any CPU.Build.0 = Debug|Any CPU
		{D8B035C3-B9D9-4A21-AC76-9CD825D23D01}.Release|Any CPU.ActiveCfg = Release|Any CPU
		{D8B035C3-B9D9-4A21-AC76-9CD825D23D01}.Release|Any CPU.Build.0 = Release|Any CPU
		{23D2DB73-8648-47FA-AF85-13172D19FC3E}.Debug|Any CPU.ActiveCfg = Debug|Any CPU
		{23D2DB73-8648-47FA-AF85-13172D19FC3E}.Debug|Any CPU.Build.0 = Debug|Any CPU
		{23D2DB73-8648-47FA-AF85-13172D19FC3E}.Release|Any CPU.ActiveCfg = Release|Any CPU
		{23D2DB73-8648-47FA-AF85-13172D19FC3E}.Release|Any CPU.Build.0 = Release|Any CPU
		{6E909EF4-DD1B-4695-A4E9-7B93519FC6AE}.Debug|Any CPU.ActiveCfg = Debug|Any CPU
		{6E909EF4-DD1B-4695-A4E9-7B93519FC6AE}.Debug|Any CPU.Build.0 = Debug|Any CPU
		{6E909EF4-DD1B-4695-A4E9-7B93519FC6AE}.Release|Any CPU.ActiveCfg = Release|Any CPU
		{6E909EF4-DD1B-4695-A4E9-7B93519FC6AE}.Release|Any CPU.Build.0 = Release|Any CPU
	EndGlobalSection
	GlobalSection(SolutionProperties) = preSolution
		HideSolutionNode = FALSE
	EndGlobalSection
	GlobalSection(ExtensibilityGlobals) = postSolution
		SolutionGuid = {BB434B7A-2919-437D-B5C8-D9929F3988E5}
	EndGlobalSection
EndGlobal
